
Microsoft Visual Studio Solution File, Format Version 12.00
# Visual Studio Version 16
VisualStudioVersion = 16.0.29728.190
MinimumVisualStudioVersion = 10.0.40219.1
Project("{9A19103F-16F7-4668-BE54-9A1E7A4F7556}") = "Logger", "Logger\Logger.csproj", "{E123914F-36A7-4802-8083-7FA7A097DE51}"
EndProject
Project("{9A19103F-16F7-4668-BE54-9A1E7A4F7556}") = "LoggingTest", "LoggingTest\LoggingTest.csproj", "{8ACE8401-81AC-433A-9550-3CB0BCA62BAE}"
	ProjectSection(ProjectDependencies) = postProject
		{E123914F-36A7-4802-8083-7FA7A097DE51} = {E123914F-36A7-4802-8083-7FA7A097DE51}
	EndProjectSection
EndProject
Project("{2150E333-8FDC-42A3-9474-1A3956D46DE8}") = "Solution Items", "Solution Items", "{14C61DE0-3967-4AF4-8864-F3AB68F37F88}"
	ProjectSection(SolutionItems) = preProject
		docker-compose.yml = docker-compose.yml
	EndProjectSection
EndProject
Global
	GlobalSection(SolutionConfigurationPlatforms) = preSolution
		Debug|Any CPU = Debug|Any CPU
		Release|Any CPU = Release|Any CPU
	EndGlobalSection
	GlobalSection(ProjectConfigurationPlatforms) = postSolution
		{E123914F-36A7-4802-8083-7FA7A097DE51}.Debug|Any CPU.ActiveCfg = Debug|Any CPU
		{E123914F-36A7-4802-8083-7FA7A097DE51}.Debug|Any CPU.Build.0 = Debug|Any CPU
		{E123914F-36A7-4802-8083-7FA7A097DE51}.Release|Any CPU.ActiveCfg = Release|Any CPU
		{E123914F-36A7-4802-8083-7FA7A097DE51}.Release|Any CPU.Build.0 = Release|Any CPU
		{8ACE8401-81AC-433A-9550-3CB0BCA62BAE}.Debug|Any CPU.ActiveCfg = Debug|Any CPU
		{8ACE8401-81AC-433A-9550-3CB0BCA62BAE}.Debug|Any CPU.Build.0 = Debug|Any CPU
		{8ACE8401-81AC-433A-9550-3CB0BCA62BAE}.Release|Any CPU.ActiveCfg = Release|Any CPU
		{8ACE8401-81AC-433A-9550-3CB0BCA62BAE}.Release|Any CPU.Build.0 = Release|Any CPU
	EndGlobalSection
	GlobalSection(SolutionProperties) = preSolution
		HideSolutionNode = FALSE
	EndGlobalSection
	GlobalSection(ExtensibilityGlobals) = postSolution
		SolutionGuid = {A3AF258D-D4B8-4945-84AD-6B28BCE09CC7}
	EndGlobalSection
EndGlobal
